
Microsoft Visual Studio Solution File, Format Version 12.00
# Visual Studio Version 16
VisualStudioVersion = 16.0.30523.141
MinimumVisualStudioVersion = 10.0.40219.1
Project("{FAE04EC0-301F-11D3-BF4B-00C04F79EFBC}") = "Interpol", "Interpol\Interpol.csproj", "{9007BD78-CCAE-4D94-AD90-E19F6498EAF9}"
EndProject
Global
	GlobalSection(SolutionConfigurationPlatforms) = preSolution
		Debug|Any CPU = Debug|Any CPU
		Release|Any CPU = Release|Any CPU
	EndGlobalSection
	GlobalSection(ProjectConfigurationPlatforms) = postSolution
		{9007BD78-CCAE-4D94-AD90-E19F6498EAF9}.Debug|Any CPU.ActiveCfg = Debug|Any CPU
		{9007BD78-CCAE-4D94-AD90-E19F6498EAF9}.Debug|Any CPU.Build.0 = Debug|Any CPU
		{9007BD78-CCAE-4D94-AD90-E19F6498EAF9}.Release|Any CPU.ActiveCfg = Release|Any CPU
		{9007BD78-CCAE-4D94-AD90-E19F6498EAF9}.Release|Any CPU.Build.0 = Release|Any CPU
	EndGlobalSection
	GlobalSection(SolutionProperties) = preSolution
		HideSolutionNode = FALSE
	EndGlobalSection
	GlobalSection(ExtensibilityGlobals) = postSolution
		SolutionGuid = {83428A3D-2053-48BC-8694-B088A05D4196}
	EndGlobalSection
EndGlobal
